{
  "name": "Transcendance",
  "lockfileVersion": 3,
  "requires": true,
  "packages": {
    "": {
      "dependencies": {
        "flag-icons": "^7.2.3"
      },
      "devDependencies": {
        "@intlify/devtools-types": "^10.0.5"
      }
    },
    "node_modules/@intlify/core-base": {
      "version": "10.0.5",
      "resolved": "https://registry.npmjs.org/@intlify/core-base/-/core-base-10.0.5.tgz",
      "integrity": "sha512-F3snDTQs0MdvnnyzTDTVkOYVAZOE/MHwRvF7mn7Jw1yuih4NrFYLNYIymGlLmq4HU2iIdzYsZ7f47bOcwY73XQ==",
      "dev": true,
      "dependencies": {
        "@intlify/message-compiler": "10.0.5",
        "@intlify/shared": "10.0.5"
      },
      "engines": {
        "node": ">= 16"
      },
      "funding": {
        "url": "https://github.com/sponsors/kazupon"
      }
    },
    "node_modules/@intlify/devtools-types": {
      "version": "10.0.5",
      "resolved": "https://registry.npmjs.org/@intlify/devtools-types/-/devtools-types-10.0.5.tgz",
      "integrity": "sha512-bGnMQiG6zKlMa42MdWF26KKqYIDwOTV4zCY0j48KdTQa7eQGeHlYydfh7f0dUAcZ+FRMJ9o7j4l6KEKbO0okeg==",
      "dev": true,
      "dependencies": {
        "@intlify/core-base": "10.0.5",
        "@intlify/shared": "10.0.5"
      },
      "engines": {
        "node": ">= 16"
      },
      "funding": {
        "url": "https://github.com/sponsors/kazupon"
      }
    },
    "node_modules/@intlify/message-compiler": {
      "version": "10.0.5",
      "resolved": "https://registry.npmjs.org/@intlify/message-compiler/-/message-compiler-10.0.5.tgz",
      "integrity": "sha512-6GT1BJ852gZ0gItNZN2krX5QAmea+cmdjMvsWohArAZ3GmHdnNANEcF9JjPXAMRtQ6Ux5E269ymamg/+WU6tQA==",
      "dev": true,
      "dependencies": {
        "@intlify/shared": "10.0.5",
        "source-map-js": "^1.0.2"
      },
      "engines": {
        "node": ">= 16"
      },
      "funding": {
        "url": "https://github.com/sponsors/kazupon"
      }
    },
    "node_modules/@intlify/shared": {
      "version": "10.0.5",
      "resolved": "https://registry.npmjs.org/@intlify/shared/-/shared-10.0.5.tgz",
      "integrity": "sha512-bmsP4L2HqBF6i6uaMqJMcFBONVjKt+siGluRq4Ca4C0q7W2eMaVZr8iCgF9dKbcVXutftkC7D6z2SaSMmLiDyA==",
      "dev": true,
      "engines": {
        "node": ">= 16"
      },
      "funding": {
        "url": "https://github.com/sponsors/kazupon"
      }
    },
    "node_modules/flag-icons": {
      "version": "7.2.3",
      "resolved": "https://registry.npmjs.org/flag-icons/-/flag-icons-7.2.3.tgz",
      "integrity": "sha512-X2gUdteNuqdNqob2KKTJTS+ZCvyWeLCtDz9Ty8uJP17Y4o82Y+U/Vd4JNrdwTAjagYsRznOn9DZ+E/Q52qbmqg=="
    },
    "node_modules/source-map-js": {
      "version": "1.2.1",
      "resolved": "https://registry.npmjs.org/source-map-js/-/source-map-js-1.2.1.tgz",
      "integrity": "sha512-UXWMKhLOwVKb728IUtQPXxfYU+usdybtUrK/8uGE8CQMvrhOpwvzDBwj0QhSL7MQc7vIsISBG8VQ8+IDQxpfQA==",
      "dev": true,
      "engines": {
        "node": ">=0.10.0"
      }
    }
  }
}
